// !$*UTF8*$!
{
	archiveVersion = 1;
	classes = {
	};
	objectVersion = 51;
	objects = {

/* Begin PBXBuildFile section */
		32C096D6254190E400872083 /* NSDate+Extension.m in Sources */ = {isa = PBXBuildFile; fileRef = 32C096D5254190E400872083 /* NSDate+Extension.m */; };
		32F2FA8A2569278A0025AC4F /* KKUtilityNotice.m in Sources */ = {isa = PBXBuildFile; fileRef = 32F2FA55256927890025AC4F /* KKUtilityNotice.m */; };
		32F2FA8B2569278A0025AC4F /* UIImage+WaterMake.m in Sources */ = {isa = PBXBuildFile; fileRef = 32F2FA59256927890025AC4F /* UIImage+WaterMake.m */; };
		32F2FA8C2569278A0025AC4F /* UIView+Animation.m in Sources */ = {isa = PBXBuildFile; fileRef = 32F2FA5C256927890025AC4F /* UIView+Animation.m */; };
		32F2FA8F2569278A0025AC4F /* KKBaseTableView.m in Sources */ = {isa = PBXBuildFile; fileRef = 32F2FA64256927890025AC4F /* KKBaseTableView.m */; };
		32F2FA902569278A0025AC4F /* KKHTTPSessionManager.m in Sources */ = {isa = PBXBuildFile; fileRef = 32F2FA68256927890025AC4F /* KKHTTPSessionManager.m */; };
		32F2FA912569278A0025AC4F /* KKLocationViewController.m in Sources */ = {isa = PBXBuildFile; fileRef = 32F2FA702569278A0025AC4F /* KKLocationViewController.m */; };
		32F2FA922569278A0025AC4F /* UIViewController+log.m in Sources */ = {isa = PBXBuildFile; fileRef = 32F2FA712569278A0025AC4F /* UIViewController+log.m */; };
		32F2FA932569278A0025AC4F /* KKBaseTabBarController.m in Sources */ = {isa = PBXBuildFile; fileRef = 32F2FA722569278A0025AC4F /* KKBaseTabBarController.m */; };
		32F2FA942569278A0025AC4F /* KKBaseViewController.m in Sources */ = {isa = PBXBuildFile; fileRef = 32F2FA732569278A0025AC4F /* KKBaseViewController.m */; };
		32F2FA952569278A0025AC4F /* KKBaseNavigationController.m in Sources */ = {isa = PBXBuildFile; fileRef = 32F2FA742569278A0025AC4F /* KKBaseNavigationController.m */; };
		32F2FA982569278A0025AC4F /* KKCommonMethodManager.m in Sources */ = {isa = PBXBuildFile; fileRef = 32F2FA7B2569278A0025AC4F /* KKCommonMethodManager.m */; };
		32F2FA992569278A0025AC4F /* KKDateManager.m in Sources */ = {isa = PBXBuildFile; fileRef = 32F2FA7E2569278A0025AC4F /* KKDateManager.m */; };
		32F2FA9A2569278A0025AC4F /* KKLoginManger.m in Sources */ = {isa = PBXBuildFile; fileRef = 32F2FA7F2569278A0025AC4F /* KKLoginManger.m */; };
		32F2FAC3256A7FB70025AC4F /* KKCreateUIManager.m in Sources */ = {isa = PBXBuildFile; fileRef = 32F2FAC2256A7FB70025AC4F /* KKCreateUIManager.m */; };
		32F2FB40256B4E7C0025AC4F /* AppDelegate+Config.m in Sources */ = {isa = PBXBuildFile; fileRef = 32F2FB3F256B4E7C0025AC4F /* AppDelegate+Config.m */; };
		32F2FB76256B638A0025AC4F /* KKHomeVC.m in Sources */ = {isa = PBXBuildFile; fileRef = 32F2FB74256B638A0025AC4F /* KKHomeVC.m */; };
		32F2FB77256B638A0025AC4F /* KKHomeVC.xib in Resources */ = {isa = PBXBuildFile; fileRef = 32F2FB75256B638A0025AC4F /* KKHomeVC.xib */; };
		32F2FB81256B639B0025AC4F /* KKMeVC.m in Sources */ = {isa = PBXBuildFile; fileRef = 32F2FB7F256B639B0025AC4F /* KKMeVC.m */; };
		32F2FB82256B639B0025AC4F /* KKMeVC.xib in Resources */ = {isa = PBXBuildFile; fileRef = 32F2FB80256B639B0025AC4F /* KKMeVC.xib */; };
		32F2FB91256B6B2F0025AC4F /* KKBaseModel.m in Sources */ = {isa = PBXBuildFile; fileRef = 32F2FB90256B6B2F0025AC4F /* KKBaseModel.m */; };
		32F2FBB5256B87640025AC4F /* NSString+KKEncryption.m in Sources */ = {isa = PBXBuildFile; fileRef = 32F2FBB4256B87640025AC4F /* NSString+KKEncryption.m */; };
		3B4B8FFCB0402A4DF86D8ED0 /* libPods-KKTest.a in Frameworks */ = {isa = PBXBuildFile; fileRef = 81B5EA252F29F5792CD8E774 /* libPods-KKTest.a */; };
		784F255824C7DB6C0053A717 /* KKSecondVC.m in Sources */ = {isa = PBXBuildFile; fileRef = 784F255624C7DB6C0053A717 /* KKSecondVC.m */; };
		784F255924C7DB6C0053A717 /* KKSecondVC.xib in Resources */ = {isa = PBXBuildFile; fileRef = 784F255724C7DB6C0053A717 /* KKSecondVC.xib */; };
		785C651824AA1FF200763C46 /* AppDelegate.m in Sources */ = {isa = PBXBuildFile; fileRef = 785C651724AA1FF200763C46 /* AppDelegate.m */; };
		785C651B24AA1FF200763C46 /* SceneDelegate.m in Sources */ = {isa = PBXBuildFile; fileRef = 785C651A24AA1FF200763C46 /* SceneDelegate.m */; };
		785C651E24AA1FF200763C46 /* ViewController.m in Sources */ = {isa = PBXBuildFile; fileRef = 785C651D24AA1FF200763C46 /* ViewController.m */; };
		785C652124AA1FF200763C46 /* Main.storyboard in Resources */ = {isa = PBXBuildFile; fileRef = 785C651F24AA1FF200763C46 /* Main.storyboard */; };
		785C652324AA1FF600763C46 /* Assets.xcassets in Resources */ = {isa = PBXBuildFile; fileRef = 785C652224AA1FF600763C46 /* Assets.xcassets */; };
		785C652624AA1FF600763C46 /* LaunchScreen.storyboard in Resources */ = {isa = PBXBuildFile; fileRef = 785C652424AA1FF600763C46 /* LaunchScreen.storyboard */; };
		785C652924AA1FF600763C46 /* main.m in Sources */ = {isa = PBXBuildFile; fileRef = 785C652824AA1FF600763C46 /* main.m */; };
		785C653324AA1FF600763C46 /* KKTestTests.m in Sources */ = {isa = PBXBuildFile; fileRef = 785C653224AA1FF600763C46 /* KKTestTests.m */; };
		785C653E24AA1FF600763C46 /* KKTestUITests.m in Sources */ = {isa = PBXBuildFile; fileRef = 785C653D24AA1FF600763C46 /* KKTestUITests.m */; };
/* End PBXBuildFile section */

/* Begin PBXContainerItemProxy section */
		785C652F24AA1FF600763C46 /* PBXContainerItemProxy */ = {
			isa = PBXContainerItemProxy;
			containerPortal = 785C650B24AA1FF200763C46 /* Project object */;
			proxyType = 1;
			remoteGlobalIDString = 785C651224AA1FF200763C46;
			remoteInfo = KKTest;
		};
		785C653A24AA1FF600763C46 /* PBXContainerItemProxy */ = {
			isa = PBXContainerItemProxy;
			containerPortal = 785C650B24AA1FF200763C46 /* Project object */;
			proxyType = 1;
			remoteGlobalIDString = 785C651224AA1FF200763C46;
			remoteInfo = KKTest;
		};
/* End PBXContainerItemProxy section */

/* Begin PBXFileReference section */
		32C096D4254190E400872083 /* NSDate+Extension.h */ = {isa = PBXFileReference; fileEncoding = 4; lastKnownFileType = sourcecode.c.h; path = "NSDate+Extension.h"; sourceTree = "<group>"; };
		32C096D5254190E400872083 /* NSDate+Extension.m */ = {isa = PBXFileReference; fileEncoding = 4; lastKnownFileType = sourcecode.c.objc; path = "NSDate+Extension.m"; sourceTree = "<group>"; };
		32F2FA55256927890025AC4F /* KKUtilityNotice.m */ = {isa = PBXFileReference; fileEncoding = 4; lastKnownFileType = sourcecode.c.objc; path = KKUtilityNotice.m; sourceTree = "<group>"; };
		32F2FA56256927890025AC4F /* KKUtilityNotice.h */ = {isa = PBXFileReference; fileEncoding = 4; lastKnownFileType = sourcecode.c.h; path = KKUtilityNotice.h; sourceTree = "<group>"; };
		32F2FA59256927890025AC4F /* UIImage+WaterMake.m */ = {isa = PBXFileReference; fileEncoding = 4; lastKnownFileType = sourcecode.c.objc; path = "UIImage+WaterMake.m"; sourceTree = "<group>"; };
		32F2FA5A256927890025AC4F /* UIImage+WaterMake.h */ = {isa = PBXFileReference; fileEncoding = 4; lastKnownFileType = sourcecode.c.h; path = "UIImage+WaterMake.h"; sourceTree = "<group>"; };
		32F2FA5C256927890025AC4F /* UIView+Animation.m */ = {isa = PBXFileReference; fileEncoding = 4; lastKnownFileType = sourcecode.c.objc; path = "UIView+Animation.m"; sourceTree = "<group>"; };
		32F2FA5D256927890025AC4F /* UIView+Animation.h */ = {isa = PBXFileReference; fileEncoding = 4; lastKnownFileType = sourcecode.c.h; path = "UIView+Animation.h"; sourceTree = "<group>"; };
		32F2FA61256927890025AC4F /* KKBaseTableView.h */ = {isa = PBXFileReference; fileEncoding = 4; lastKnownFileType = sourcecode.c.h; path = KKBaseTableView.h; sourceTree = "<group>"; };
		32F2FA64256927890025AC4F /* KKBaseTableView.m */ = {isa = PBXFileReference; fileEncoding = 4; lastKnownFileType = sourcecode.c.objc; path = KKBaseTableView.m; sourceTree = "<group>"; };
		32F2FA66256927890025AC4F /* KKTest.pch */ = {isa = PBXFileReference; fileEncoding = 4; lastKnownFileType = sourcecode.c.h; path = KKTest.pch; sourceTree = "<group>"; };
		32F2FA68256927890025AC4F /* KKHTTPSessionManager.m */ = {isa = PBXFileReference; fileEncoding = 4; lastKnownFileType = sourcecode.c.objc; path = KKHTTPSessionManager.m; sourceTree = "<group>"; };
		32F2FA69256927890025AC4F /* KKHTTPSessionManager.h */ = {isa = PBXFileReference; fileEncoding = 4; lastKnownFileType = sourcecode.c.h; path = KKHTTPSessionManager.h; sourceTree = "<group>"; };
		32F2FA6B256927890025AC4F /* UIViewController+log.h */ = {isa = PBXFileReference; fileEncoding = 4; lastKnownFileType = sourcecode.c.h; path = "UIViewController+log.h"; sourceTree = "<group>"; };
		32F2FA6C256927890025AC4F /* KKLocationViewController.h */ = {isa = PBXFileReference; fileEncoding = 4; lastKnownFileType = sourcecode.c.h; path = KKLocationViewController.h; sourceTree = "<group>"; };
		32F2FA6D2569278A0025AC4F /* KKBaseViewController.h */ = {isa = PBXFileReference; fileEncoding = 4; lastKnownFileType = sourcecode.c.h; path = KKBaseViewController.h; sourceTree = "<group>"; };
		32F2FA6E2569278A0025AC4F /* KKBaseTabBarController.h */ = {isa = PBXFileReference; fileEncoding = 4; lastKnownFileType = sourcecode.c.h; path = KKBaseTabBarController.h; sourceTree = "<group>"; };
		32F2FA6F2569278A0025AC4F /* KKBaseNavigationController.h */ = {isa = PBXFileReference; fileEncoding = 4; lastKnownFileType = sourcecode.c.h; path = KKBaseNavigationController.h; sourceTree = "<group>"; };
		32F2FA702569278A0025AC4F /* KKLocationViewController.m */ = {isa = PBXFileReference; fileEncoding = 4; lastKnownFileType = sourcecode.c.objc; path = KKLocationViewController.m; sourceTree = "<group>"; };
		32F2FA712569278A0025AC4F /* UIViewController+log.m */ = {isa = PBXFileReference; fileEncoding = 4; lastKnownFileType = sourcecode.c.objc; path = "UIViewController+log.m"; sourceTree = "<group>"; };
		32F2FA722569278A0025AC4F /* KKBaseTabBarController.m */ = {isa = PBXFileReference; fileEncoding = 4; lastKnownFileType = sourcecode.c.objc; path = KKBaseTabBarController.m; sourceTree = "<group>"; };
		32F2FA732569278A0025AC4F /* KKBaseViewController.m */ = {isa = PBXFileReference; fileEncoding = 4; lastKnownFileType = sourcecode.c.objc; path = KKBaseViewController.m; sourceTree = "<group>"; };
		32F2FA742569278A0025AC4F /* KKBaseNavigationController.m */ = {isa = PBXFileReference; fileEncoding = 4; lastKnownFileType = sourcecode.c.objc; path = KKBaseNavigationController.m; sourceTree = "<group>"; };
		32F2FA772569278A0025AC4F /* KKCommonMethodManager.h */ = {isa = PBXFileReference; fileEncoding = 4; lastKnownFileType = sourcecode.c.h; path = KKCommonMethodManager.h; sourceTree = "<group>"; };
		32F2FA792569278A0025AC4F /* KKDateManager.h */ = {isa = PBXFileReference; fileEncoding = 4; lastKnownFileType = sourcecode.c.h; path = KKDateManager.h; sourceTree = "<group>"; };
		32F2FA7A2569278A0025AC4F /* KKLoginManger.h */ = {isa = PBXFileReference; fileEncoding = 4; lastKnownFileType = sourcecode.c.h; path = KKLoginManger.h; sourceTree = "<group>"; };
		32F2FA7B2569278A0025AC4F /* KKCommonMethodManager.m */ = {isa = PBXFileReference; fileEncoding = 4; lastKnownFileType = sourcecode.c.objc; path = KKCommonMethodManager.m; sourceTree = "<group>"; };
		32F2FA7E2569278A0025AC4F /* KKDateManager.m */ = {isa = PBXFileReference; fileEncoding = 4; lastKnownFileType = sourcecode.c.objc; path = KKDateManager.m; sourceTree = "<group>"; };
		32F2FA7F2569278A0025AC4F /* KKLoginManger.m */ = {isa = PBXFileReference; fileEncoding = 4; lastKnownFileType = sourcecode.c.objc; path = KKLoginManger.m; sourceTree = "<group>"; };
		32F2FAC1256A7FB70025AC4F /* KKCreateUIManager.h */ = {isa = PBXFileReference; lastKnownFileType = sourcecode.c.h; path = KKCreateUIManager.h; sourceTree = "<group>"; };
		32F2FAC2256A7FB70025AC4F /* KKCreateUIManager.m */ = {isa = PBXFileReference; lastKnownFileType = sourcecode.c.objc; path = KKCreateUIManager.m; sourceTree = "<group>"; };
		32F2FB3E256B4E7C0025AC4F /* AppDelegate+Config.h */ = {isa = PBXFileReference; lastKnownFileType = sourcecode.c.h; path = "AppDelegate+Config.h"; sourceTree = "<group>"; };
		32F2FB3F256B4E7C0025AC4F /* AppDelegate+Config.m */ = {isa = PBXFileReference; lastKnownFileType = sourcecode.c.objc; path = "AppDelegate+Config.m"; sourceTree = "<group>"; };
		32F2FB73256B638A0025AC4F /* KKHomeVC.h */ = {isa = PBXFileReference; lastKnownFileType = sourcecode.c.h; path = KKHomeVC.h; sourceTree = "<group>"; };
		32F2FB74256B638A0025AC4F /* KKHomeVC.m */ = {isa = PBXFileReference; lastKnownFileType = sourcecode.c.objc; path = KKHomeVC.m; sourceTree = "<group>"; };
		32F2FB75256B638A0025AC4F /* KKHomeVC.xib */ = {isa = PBXFileReference; lastKnownFileType = file.xib; path = KKHomeVC.xib; sourceTree = "<group>"; };
		32F2FB7E256B639B0025AC4F /* KKMeVC.h */ = {isa = PBXFileReference; lastKnownFileType = sourcecode.c.h; path = KKMeVC.h; sourceTree = "<group>"; };
		32F2FB7F256B639B0025AC4F /* KKMeVC.m */ = {isa = PBXFileReference; lastKnownFileType = sourcecode.c.objc; path = KKMeVC.m; sourceTree = "<group>"; };
		32F2FB80256B639B0025AC4F /* KKMeVC.xib */ = {isa = PBXFileReference; lastKnownFileType = file.xib; path = KKMeVC.xib; sourceTree = "<group>"; };
		32F2FB8F256B6B2F0025AC4F /* KKBaseModel.h */ = {isa = PBXFileReference; lastKnownFileType = sourcecode.c.h; path = KKBaseModel.h; sourceTree = "<group>"; };
		32F2FB90256B6B2F0025AC4F /* KKBaseModel.m */ = {isa = PBXFileReference; lastKnownFileType = sourcecode.c.objc; path = KKBaseModel.m; sourceTree = "<group>"; };
		32F2FBB3256B87640025AC4F /* NSString+KKEncryption.h */ = {isa = PBXFileReference; lastKnownFileType = sourcecode.c.h; path = "NSString+KKEncryption.h"; sourceTree = "<group>"; };
		32F2FBB4256B87640025AC4F /* NSString+KKEncryption.m */ = {isa = PBXFileReference; lastKnownFileType = sourcecode.c.objc; path = "NSString+KKEncryption.m"; sourceTree = "<group>"; };
		3734608E3E7AFC8629EC07FD /* Pods-KKTest.release.xcconfig */ = {isa = PBXFileReference; includeInIndex = 1; lastKnownFileType = text.xcconfig; name = "Pods-KKTest.release.xcconfig"; path = "Target Support Files/Pods-KKTest/Pods-KKTest.release.xcconfig"; sourceTree = "<group>"; };
		73122D74582238632FE39F71 /* Pods-KKTest.debug.xcconfig */ = {isa = PBXFileReference; includeInIndex = 1; lastKnownFileType = text.xcconfig; name = "Pods-KKTest.debug.xcconfig"; path = "Target Support Files/Pods-KKTest/Pods-KKTest.debug.xcconfig"; sourceTree = "<group>"; };
		784F255524C7DB6C0053A717 /* KKSecondVC.h */ = {isa = PBXFileReference; lastKnownFileType = sourcecode.c.h; path = KKSecondVC.h; sourceTree = "<group>"; };
		784F255624C7DB6C0053A717 /* KKSecondVC.m */ = {isa = PBXFileReference; lastKnownFileType = sourcecode.c.objc; path = KKSecondVC.m; sourceTree = "<group>"; };
		784F255724C7DB6C0053A717 /* KKSecondVC.xib */ = {isa = PBXFileReference; lastKnownFileType = file.xib; path = KKSecondVC.xib; sourceTree = "<group>"; };
		785C651324AA1FF200763C46 /* KKTest.app */ = {isa = PBXFileReference; explicitFileType = wrapper.application; includeInIndex = 0; path = KKTest.app; sourceTree = BUILT_PRODUCTS_DIR; };
		785C651624AA1FF200763C46 /* AppDelegate.h */ = {isa = PBXFileReference; lastKnownFileType = sourcecode.c.h; path = AppDelegate.h; sourceTree = "<group>"; };
		785C651724AA1FF200763C46 /* AppDelegate.m */ = {isa = PBXFileReference; lastKnownFileType = sourcecode.c.objc; path = AppDelegate.m; sourceTree = "<group>"; };
		785C651924AA1FF200763C46 /* SceneDelegate.h */ = {isa = PBXFileReference; lastKnownFileType = sourcecode.c.h; path = SceneDelegate.h; sourceTree = "<group>"; };
		785C651A24AA1FF200763C46 /* SceneDelegate.m */ = {isa = PBXFileReference; lastKnownFileType = sourcecode.c.objc; path = SceneDelegate.m; sourceTree = "<group>"; };
		785C651C24AA1FF200763C46 /* ViewController.h */ = {isa = PBXFileReference; lastKnownFileType = sourcecode.c.h; path = ViewController.h; sourceTree = "<group>"; };
		785C651D24AA1FF200763C46 /* ViewController.m */ = {isa = PBXFileReference; lastKnownFileType = sourcecode.c.objc; path = ViewController.m; sourceTree = "<group>"; };
		785C652024AA1FF200763C46 /* Base */ = {isa = PBXFileReference; lastKnownFileType = file.storyboard; name = Base; path = Base.lproj/Main.storyboard; sourceTree = "<group>"; };
		785C652224AA1FF600763C46 /* Assets.xcassets */ = {isa = PBXFileReference; lastKnownFileType = folder.assetcatalog; path = Assets.xcassets; sourceTree = "<group>"; };
		785C652524AA1FF600763C46 /* Base */ = {isa = PBXFileReference; lastKnownFileType = file.storyboard; name = Base; path = Base.lproj/LaunchScreen.storyboard; sourceTree = "<group>"; };
		785C652724AA1FF600763C46 /* Info.plist */ = {isa = PBXFileReference; lastKnownFileType = text.plist.xml; path = Info.plist; sourceTree = "<group>"; };
		785C652824AA1FF600763C46 /* main.m */ = {isa = PBXFileReference; lastKnownFileType = sourcecode.c.objc; path = main.m; sourceTree = "<group>"; };
		785C652E24AA1FF600763C46 /* KKTestTests.xctest */ = {isa = PBXFileReference; explicitFileType = wrapper.cfbundle; includeInIndex = 0; path = KKTestTests.xctest; sourceTree = BUILT_PRODUCTS_DIR; };
		785C653224AA1FF600763C46 /* KKTestTests.m */ = {isa = PBXFileReference; lastKnownFileType = sourcecode.c.objc; path = KKTestTests.m; sourceTree = "<group>"; };
		785C653424AA1FF600763C46 /* Info.plist */ = {isa = PBXFileReference; lastKnownFileType = text.plist.xml; path = Info.plist; sourceTree = "<group>"; };
		785C653924AA1FF600763C46 /* KKTestUITests.xctest */ = {isa = PBXFileReference; explicitFileType = wrapper.cfbundle; includeInIndex = 0; path = KKTestUITests.xctest; sourceTree = BUILT_PRODUCTS_DIR; };
		785C653D24AA1FF600763C46 /* KKTestUITests.m */ = {isa = PBXFileReference; lastKnownFileType = sourcecode.c.objc; path = KKTestUITests.m; sourceTree = "<group>"; };
		785C653F24AA1FF600763C46 /* Info.plist */ = {isa = PBXFileReference; lastKnownFileType = text.plist.xml; path = Info.plist; sourceTree = "<group>"; };
		81B5EA252F29F5792CD8E774 /* libPods-KKTest.a */ = {isa = PBXFileReference; explicitFileType = archive.ar; includeInIndex = 0; path = "libPods-KKTest.a"; sourceTree = BUILT_PRODUCTS_DIR; };
/* End PBXFileReference section */

/* Begin PBXFrameworksBuildPhase section */
		785C651024AA1FF200763C46 /* Frameworks */ = {
			isa = PBXFrameworksBuildPhase;
			buildActionMask = 2147483647;
			files = (
				3B4B8FFCB0402A4DF86D8ED0 /* libPods-KKTest.a in Frameworks */,
			);
			runOnlyForDeploymentPostprocessing = 0;
		};
		785C652B24AA1FF600763C46 /* Frameworks */ = {
			isa = PBXFrameworksBuildPhase;
			buildActionMask = 2147483647;
			files = (
			);
			runOnlyForDeploymentPostprocessing = 0;
		};
		785C653624AA1FF600763C46 /* Frameworks */ = {
			isa = PBXFrameworksBuildPhase;
			buildActionMask = 2147483647;
			files = (
			);
			runOnlyForDeploymentPostprocessing = 0;
		};
/* End PBXFrameworksBuildPhase section */

/* Begin PBXGroup section */
		2164E64E4B973213AD6B2639 /* Frameworks */ = {
			isa = PBXGroup;
			children = (
				81B5EA252F29F5792CD8E774 /* libPods-KKTest.a */,
			);
			name = Frameworks;
			sourceTree = "<group>";
		};
		32F2FA53256927890025AC4F /* Common */ = {
			isa = PBXGroup;
			children = (
				32F2FA54256927890025AC4F /* UtilityNotice */,
				32F2FA57256927890025AC4F /* Category */,
				32F2FA5E256927890025AC4F /* UIView */,
				32F2FA65256927890025AC4F /* Config */,
				32F2FA6A256927890025AC4F /* Base */,
				32F2FA752569278A0025AC4F /* Manage */,
				32F2FA802569278A0025AC4F /* Service */,
			);
			path = Common;
			sourceTree = "<group>";
		};
		32F2FA54256927890025AC4F /* UtilityNotice */ = {
			isa = PBXGroup;
			children = (
				32F2FA55256927890025AC4F /* KKUtilityNotice.m */,
				32F2FA56256927890025AC4F /* KKUtilityNotice.h */,
			);
			path = UtilityNotice;
			sourceTree = "<group>";
		};
		32F2FA57256927890025AC4F /* Category */ = {
			isa = PBXGroup;
			children = (
				32F2FBB2256B869C0025AC4F /* NSString */,
				32F2FB95256B6B780025AC4F /* UIViewController */,
				32F2FA58256927890025AC4F /* UIImage */,
				32F2FA5B256927890025AC4F /* UIView */,
			);
			path = Category;
			sourceTree = "<group>";
		};
		32F2FA58256927890025AC4F /* UIImage */ = {
			isa = PBXGroup;
			children = (
				32F2FA59256927890025AC4F /* UIImage+WaterMake.m */,
				32F2FA5A256927890025AC4F /* UIImage+WaterMake.h */,
			);
			path = UIImage;
			sourceTree = "<group>";
		};
		32F2FA5B256927890025AC4F /* UIView */ = {
			isa = PBXGroup;
			children = (
				32F2FA5C256927890025AC4F /* UIView+Animation.m */,
				32F2FA5D256927890025AC4F /* UIView+Animation.h */,
			);
			path = UIView;
			sourceTree = "<group>";
		};
		32F2FA5E256927890025AC4F /* UIView */ = {
			isa = PBXGroup;
			children = (
				32F2FA61256927890025AC4F /* KKBaseTableView.h */,
				32F2FA64256927890025AC4F /* KKBaseTableView.m */,
			);
			path = UIView;
			sourceTree = "<group>";
		};
		32F2FA65256927890025AC4F /* Config */ = {
			isa = PBXGroup;
			children = (
				32F2FA66256927890025AC4F /* KKTest.pch */,
			);
			path = Config;
			sourceTree = "<group>";
		};
		32F2FA6A256927890025AC4F /* Base */ = {
			isa = PBXGroup;
			children = (
				32F2FA6C256927890025AC4F /* KKLocationViewController.h */,
				32F2FA702569278A0025AC4F /* KKLocationViewController.m */,
				32F2FA6E2569278A0025AC4F /* KKBaseTabBarController.h */,
				32F2FA722569278A0025AC4F /* KKBaseTabBarController.m */,
				32F2FA6D2569278A0025AC4F /* KKBaseViewController.h */,
				32F2FA732569278A0025AC4F /* KKBaseViewController.m */,
				32F2FA6F2569278A0025AC4F /* KKBaseNavigationController.h */,
				32F2FA742569278A0025AC4F /* KKBaseNavigationController.m */,
				32F2FB8F256B6B2F0025AC4F /* KKBaseModel.h */,
				32F2FB90256B6B2F0025AC4F /* KKBaseModel.m */,
			);
			path = Base;
			sourceTree = "<group>";
		};
		32F2FA752569278A0025AC4F /* Manage */ = {
			isa = PBXGroup;
			children = (
				32F2FA772569278A0025AC4F /* KKCommonMethodManager.h */,
				32F2FA7B2569278A0025AC4F /* KKCommonMethodManager.m */,
				32F2FA792569278A0025AC4F /* KKDateManager.h */,
				32F2FA7E2569278A0025AC4F /* KKDateManager.m */,
				32F2FA7A2569278A0025AC4F /* KKLoginManger.h */,
				32F2FA7F2569278A0025AC4F /* KKLoginManger.m */,
				32F2FAC1256A7FB70025AC4F /* KKCreateUIManager.h */,
				32F2FAC2256A7FB70025AC4F /* KKCreateUIManager.m */,
			);
			path = Manage;
			sourceTree = "<group>";
		};
		32F2FA802569278A0025AC4F /* Service */ = {
			isa = PBXGroup;
			children = (
				32F2FA68256927890025AC4F /* KKHTTPSessionManager.m */,
				32F2FA69256927890025AC4F /* KKHTTPSessionManager.h */,
			);
			path = Service;
			sourceTree = "<group>";
		};
		32F2FB2B256B4C0B0025AC4F /* AppDelegate */ = {
			isa = PBXGroup;
			children = (
				785C651624AA1FF200763C46 /* AppDelegate.h */,
				785C651724AA1FF200763C46 /* AppDelegate.m */,
				785C651924AA1FF200763C46 /* SceneDelegate.h */,
				785C651A24AA1FF200763C46 /* SceneDelegate.m */,
				32F2FB3E256B4E7C0025AC4F /* AppDelegate+Config.h */,
				32F2FB3F256B4E7C0025AC4F /* AppDelegate+Config.m */,
			);
			path = AppDelegate;
			sourceTree = "<group>";
		};
		32F2FB6B256B63710025AC4F /* Home */ = {
			isa = PBXGroup;
			children = (
				32F2FB6C256B63710025AC4F /* Model */,
				32F2FB6D256B63710025AC4F /* View */,
				32F2FB6E256B63710025AC4F /* ViewController */,
			);
			path = Home;
			sourceTree = "<group>";
		};
		32F2FB6C256B63710025AC4F /* Model */ = {
			isa = PBXGroup;
			children = (
			);
			path = Model;
			sourceTree = "<group>";
		};
		32F2FB6D256B63710025AC4F /* View */ = {
			isa = PBXGroup;
			children = (
			);
			path = View;
			sourceTree = "<group>";
		};
		32F2FB6E256B63710025AC4F /* ViewController */ = {
			isa = PBXGroup;
			children = (
				32F2FB73256B638A0025AC4F /* KKHomeVC.h */,
				32F2FB74256B638A0025AC4F /* KKHomeVC.m */,
				32F2FB75256B638A0025AC4F /* KKHomeVC.xib */,
			);
			path = ViewController;
			sourceTree = "<group>";
		};
		32F2FB6F256B63710025AC4F /* Me */ = {
			isa = PBXGroup;
			children = (
				32F2FB70256B63710025AC4F /* Model */,
				32F2FB71256B63710025AC4F /* View */,
				32F2FB72256B63710025AC4F /* ViewController */,
			);
			path = Me;
			sourceTree = "<group>";
		};
		32F2FB70256B63710025AC4F /* Model */ = {
			isa = PBXGroup;
			children = (
			);
			path = Model;
			sourceTree = "<group>";
		};
		32F2FB71256B63710025AC4F /* View */ = {
			isa = PBXGroup;
			children = (
			);
			path = View;
			sourceTree = "<group>";
		};
		32F2FB72256B63710025AC4F /* ViewController */ = {
			isa = PBXGroup;
			children = (
				32F2FB7E256B639B0025AC4F /* KKMeVC.h */,
				32F2FB7F256B639B0025AC4F /* KKMeVC.m */,
				32F2FB80256B639B0025AC4F /* KKMeVC.xib */,
			);
			path = ViewController;
			sourceTree = "<group>";
		};
		32F2FB95256B6B780025AC4F /* UIViewController */ = {
			isa = PBXGroup;
			children = (
				32F2FA6B256927890025AC4F /* UIViewController+log.h */,
				32F2FA712569278A0025AC4F /* UIViewController+log.m */,
			);
			path = UIViewController;
			sourceTree = "<group>";
		};
		32F2FBB2256B869C0025AC4F /* NSString */ = {
			isa = PBXGroup;
			children = (
				32F2FBB3256B87640025AC4F /* NSString+KKEncryption.h */,
				32F2FBB4256B87640025AC4F /* NSString+KKEncryption.m */,
			);
			path = NSString;
			sourceTree = "<group>";
		};
		785C650A24AA1FF200763C46 = {
			isa = PBXGroup;
			children = (
				785C651524AA1FF200763C46 /* KKTest */,
				785C653124AA1FF600763C46 /* KKTestTests */,
				785C653C24AA1FF600763C46 /* KKTestUITests */,
				785C651424AA1FF200763C46 /* Products */,
				A864414049BB9376820E2B62 /* Pods */,
				2164E64E4B973213AD6B2639 /* Frameworks */,
			);
			sourceTree = "<group>";
		};
		785C651424AA1FF200763C46 /* Products */ = {
			isa = PBXGroup;
			children = (
				785C651324AA1FF200763C46 /* KKTest.app */,
				785C652E24AA1FF600763C46 /* KKTestTests.xctest */,
				785C653924AA1FF600763C46 /* KKTestUITests.xctest */,
			);
			name = Products;
			sourceTree = "<group>";
		};
		785C651524AA1FF200763C46 /* KKTest */ = {
			isa = PBXGroup;
			children = (
				32F2FB2B256B4C0B0025AC4F /* AppDelegate */,
				32F2FA53256927890025AC4F /* Common */,
				32F2FB6B256B63710025AC4F /* Home */,
				32F2FB6F256B63710025AC4F /* Me */,
				785C651C24AA1FF200763C46 /* ViewController.h */,
				785C651D24AA1FF200763C46 /* ViewController.m */,
				784F255524C7DB6C0053A717 /* KKSecondVC.h */,
				784F255624C7DB6C0053A717 /* KKSecondVC.m */,
				784F255724C7DB6C0053A717 /* KKSecondVC.xib */,
				785C651F24AA1FF200763C46 /* Main.storyboard */,
				32C096D4254190E400872083 /* NSDate+Extension.h */,
				32C096D5254190E400872083 /* NSDate+Extension.m */,
				785C652224AA1FF600763C46 /* Assets.xcassets */,
				785C652424AA1FF600763C46 /* LaunchScreen.storyboard */,
				785C652724AA1FF600763C46 /* Info.plist */,
				785C652824AA1FF600763C46 /* main.m */,
			);
			path = KKTest;
			sourceTree = "<group>";
		};
		785C653124AA1FF600763C46 /* KKTestTests */ = {
			isa = PBXGroup;
			children = (
				785C653224AA1FF600763C46 /* KKTestTests.m */,
				785C653424AA1FF600763C46 /* Info.plist */,
			);
			path = KKTestTests;
			sourceTree = "<group>";
		};
		785C653C24AA1FF600763C46 /* KKTestUITests */ = {
			isa = PBXGroup;
			children = (
				785C653D24AA1FF600763C46 /* KKTestUITests.m */,
				785C653F24AA1FF600763C46 /* Info.plist */,
			);
			path = KKTestUITests;
			sourceTree = "<group>";
		};
		A864414049BB9376820E2B62 /* Pods */ = {
			isa = PBXGroup;
			children = (
				73122D74582238632FE39F71 /* Pods-KKTest.debug.xcconfig */,
				3734608E3E7AFC8629EC07FD /* Pods-KKTest.release.xcconfig */,
			);
			path = Pods;
			sourceTree = "<group>";
		};
/* End PBXGroup section */

/* Begin PBXNativeTarget section */
		785C651224AA1FF200763C46 /* KKTest */ = {
			isa = PBXNativeTarget;
			buildConfigurationList = 785C654224AA1FF600763C46 /* Build configuration list for PBXNativeTarget "KKTest" */;
			buildPhases = (
				D66F9BC88EB3D925AC3687A5 /* [CP] Check Pods Manifest.lock */,
				785C650F24AA1FF200763C46 /* Sources */,
				785C651024AA1FF200763C46 /* Frameworks */,
				785C651124AA1FF200763C46 /* Resources */,
				809129D9BC60C9AB07EBC234 /* [CP] Copy Pods Resources */,
			);
			buildRules = (
			);
			dependencies = (
			);
			name = KKTest;
			productName = KKTest;
			productReference = 785C651324AA1FF200763C46 /* KKTest.app */;
			productType = "com.apple.product-type.application";
		};
		785C652D24AA1FF600763C46 /* KKTestTests */ = {
			isa = PBXNativeTarget;
			buildConfigurationList = 785C654524AA1FF600763C46 /* Build configuration list for PBXNativeTarget "KKTestTests" */;
			buildPhases = (
				785C652A24AA1FF600763C46 /* Sources */,
				785C652B24AA1FF600763C46 /* Frameworks */,
				785C652C24AA1FF600763C46 /* Resources */,
			);
			buildRules = (
			);
			dependencies = (
				785C653024AA1FF600763C46 /* PBXTargetDependency */,
			);
			name = KKTestTests;
			productName = KKTestTests;
			productReference = 785C652E24AA1FF600763C46 /* KKTestTests.xctest */;
			productType = "com.apple.product-type.bundle.unit-test";
		};
		785C653824AA1FF600763C46 /* KKTestUITests */ = {
			isa = PBXNativeTarget;
			buildConfigurationList = 785C654824AA1FF600763C46 /* Build configuration list for PBXNativeTarget "KKTestUITests" */;
			buildPhases = (
				785C653524AA1FF600763C46 /* Sources */,
				785C653624AA1FF600763C46 /* Frameworks */,
				785C653724AA1FF600763C46 /* Resources */,
			);
			buildRules = (
			);
			dependencies = (
				785C653B24AA1FF600763C46 /* PBXTargetDependency */,
			);
			name = KKTestUITests;
			productName = KKTestUITests;
			productReference = 785C653924AA1FF600763C46 /* KKTestUITests.xctest */;
			productType = "com.apple.product-type.bundle.ui-testing";
		};
/* End PBXNativeTarget section */

/* Begin PBXProject section */
		785C650B24AA1FF200763C46 /* Project object */ = {
			isa = PBXProject;
			attributes = {
				LastUpgradeCheck = 1140;
				ORGANIZATIONNAME = "\bZKKMBP";
				TargetAttributes = {
					785C651224AA1FF200763C46 = {
						CreatedOnToolsVersion = 11.4.1;
					};
					785C652D24AA1FF600763C46 = {
						CreatedOnToolsVersion = 11.4.1;
						TestTargetID = 785C651224AA1FF200763C46;
					};
					785C653824AA1FF600763C46 = {
						CreatedOnToolsVersion = 11.4.1;
						TestTargetID = 785C651224AA1FF200763C46;
					};
				};
			};
			buildConfigurationList = 785C650E24AA1FF200763C46 /* Build configuration list for PBXProject "KKTest" */;
			compatibilityVersion = "Xcode 9.3";
			developmentRegion = en;
			hasScannedForEncodings = 0;
			knownRegions = (
				en,
				Base,
			);
			mainGroup = 785C650A24AA1FF200763C46;
			productRefGroup = 785C651424AA1FF200763C46 /* Products */;
			projectDirPath = "";
			projectRoot = "";
			targets = (
				785C651224AA1FF200763C46 /* KKTest */,
				785C652D24AA1FF600763C46 /* KKTestTests */,
				785C653824AA1FF600763C46 /* KKTestUITests */,
			);
		};
/* End PBXProject section */

/* Begin PBXResourcesBuildPhase section */
		785C651124AA1FF200763C46 /* Resources */ = {
			isa = PBXResourcesBuildPhase;
			buildActionMask = 2147483647;
			files = (
				32F2FB82256B639B0025AC4F /* KKMeVC.xib in Resources */,
				785C652624AA1FF600763C46 /* LaunchScreen.storyboard in Resources */,
				785C652324AA1FF600763C46 /* Assets.xcassets in Resources */,
				784F255924C7DB6C0053A717 /* KKSecondVC.xib in Resources */,
				32F2FB77256B638A0025AC4F /* KKHomeVC.xib in Resources */,
				785C652124AA1FF200763C46 /* Main.storyboard in Resources */,
			);
			runOnlyForDeploymentPostprocessing = 0;
		};
		785C652C24AA1FF600763C46 /* Resources */ = {
			isa = PBXResourcesBuildPhase;
			buildActionMask = 2147483647;
			files = (
			);
			runOnlyForDeploymentPostprocessing = 0;
		};
		785C653724AA1FF600763C46 /* Resources */ = {
			isa = PBXResourcesBuildPhase;
			buildActionMask = 2147483647;
			files = (
			);
			runOnlyForDeploymentPostprocessing = 0;
		};
/* End PBXResourcesBuildPhase section */

/* Begin PBXShellScriptBuildPhase section */
		809129D9BC60C9AB07EBC234 /* [CP] Copy Pods Resources */ = {
			isa = PBXShellScriptBuildPhase;
			buildActionMask = 2147483647;
			files = (
			);
			inputFileListPaths = (
				"${PODS_ROOT}/Target Support Files/Pods-KKTest/Pods-KKTest-resources-${CONFIGURATION}-input-files.xcfilelist",
			);
			name = "[CP] Copy Pods Resources";
			outputFileListPaths = (
				"${PODS_ROOT}/Target Support Files/Pods-KKTest/Pods-KKTest-resources-${CONFIGURATION}-output-files.xcfilelist",
			);
			runOnlyForDeploymentPostprocessing = 0;
			shellPath = /bin/sh;
			shellScript = "\"${PODS_ROOT}/Target Support Files/Pods-KKTest/Pods-KKTest-resources.sh\"\n";
			showEnvVarsInLog = 0;
		};
		D66F9BC88EB3D925AC3687A5 /* [CP] Check Pods Manifest.lock */ = {
			isa = PBXShellScriptBuildPhase;
			buildActionMask = 2147483647;
			files = (
			);
			inputFileListPaths = (
			);
			inputPaths = (
				"${PODS_PODFILE_DIR_PATH}/Podfile.lock",
				"${PODS_ROOT}/Manifest.lock",
			);
			name = "[CP] Check Pods Manifest.lock";
			outputFileListPaths = (
			);
			outputPaths = (
				"$(DERIVED_FILE_DIR)/Pods-KKTest-checkManifestLockResult.txt",
			);
			runOnlyForDeploymentPostprocessing = 0;
			shellPath = /bin/sh;
			shellScript = "diff \"${PODS_PODFILE_DIR_PATH}/Podfile.lock\" \"${PODS_ROOT}/Manifest.lock\" > /dev/null\nif [ $? != 0 ] ; then\n    # print error to STDERR\n    echo \"error: The sandbox is not in sync with the Podfile.lock. Run 'pod install' or update your CocoaPods installation.\" >&2\n    exit 1\nfi\n# This output is used by Xcode 'outputs' to avoid re-running this script phase.\necho \"SUCCESS\" > \"${SCRIPT_OUTPUT_FILE_0}\"\n";
			showEnvVarsInLog = 0;
		};
/* End PBXShellScriptBuildPhase section */

/* Begin PBXSourcesBuildPhase section */
		785C650F24AA1FF200763C46 /* Sources */ = {
			isa = PBXSourcesBuildPhase;
			buildActionMask = 2147483647;
			files = (
				785C651E24AA1FF200763C46 /* ViewController.m in Sources */,
				32F2FB40256B4E7C0025AC4F /* AppDelegate+Config.m in Sources */,
				32F2FB91256B6B2F0025AC4F /* KKBaseModel.m in Sources */,
				32F2FA8F2569278A0025AC4F /* KKBaseTableView.m in Sources */,
				32F2FA982569278A0025AC4F /* KKCommonMethodManager.m in Sources */,
				784F255824C7DB6C0053A717 /* KKSecondVC.m in Sources */,
				32F2FA912569278A0025AC4F /* KKLocationViewController.m in Sources */,
				32F2FA902569278A0025AC4F /* KKHTTPSessionManager.m in Sources */,
				32F2FA8B2569278A0025AC4F /* UIImage+WaterMake.m in Sources */,
				32F2FA932569278A0025AC4F /* KKBaseTabBarController.m in Sources */,
				32F2FA9A2569278A0025AC4F /* KKLoginManger.m in Sources */,
				32F2FA8C2569278A0025AC4F /* UIView+Animation.m in Sources */,
				32F2FA942569278A0025AC4F /* KKBaseViewController.m in Sources */,
				32C096D6254190E400872083 /* NSDate+Extension.m in Sources */,
				785C651824AA1FF200763C46 /* AppDelegate.m in Sources */,
				32F2FA8A2569278A0025AC4F /* KKUtilityNotice.m in Sources */,
				785C652924AA1FF600763C46 /* main.m in Sources */,
				32F2FB81256B639B0025AC4F /* KKMeVC.m in Sources */,
				32F2FA992569278A0025AC4F /* KKDateManager.m in Sources */,
				32F2FA952569278A0025AC4F /* KKBaseNavigationController.m in Sources */,
				785C651B24AA1FF200763C46 /* SceneDelegate.m in Sources */,
				32F2FB76256B638A0025AC4F /* KKHomeVC.m in Sources */,
				32F2FA922569278A0025AC4F /* UIViewController+log.m in Sources */,
				32F2FBB5256B87640025AC4F /* NSString+KKEncryption.m in Sources */,
				32F2FAC3256A7FB70025AC4F /* KKCreateUIManager.m in Sources */,
			);
			runOnlyForDeploymentPostprocessing = 0;
		};
		785C652A24AA1FF600763C46 /* Sources */ = {
			isa = PBXSourcesBuildPhase;
			buildActionMask = 2147483647;
			files = (
				785C653324AA1FF600763C46 /* KKTestTests.m in Sources */,
			);
			runOnlyForDeploymentPostprocessing = 0;
		};
		785C653524AA1FF600763C46 /* Sources */ = {
			isa = PBXSourcesBuildPhase;
			buildActionMask = 2147483647;
			files = (
				785C653E24AA1FF600763C46 /* KKTestUITests.m in Sources */,
			);
			runOnlyForDeploymentPostprocessing = 0;
		};
/* End PBXSourcesBuildPhase section */

/* Begin PBXTargetDependency section */
		785C653024AA1FF600763C46 /* PBXTargetDependency */ = {
			isa = PBXTargetDependency;
			target = 785C651224AA1FF200763C46 /* KKTest */;
			targetProxy = 785C652F24AA1FF600763C46 /* PBXContainerItemProxy */;
		};
		785C653B24AA1FF600763C46 /* PBXTargetDependency */ = {
			isa = PBXTargetDependency;
			target = 785C651224AA1FF200763C46 /* KKTest */;
			targetProxy = 785C653A24AA1FF600763C46 /* PBXContainerItemProxy */;
		};
/* End PBXTargetDependency section */

/* Begin PBXVariantGroup section */
		785C651F24AA1FF200763C46 /* Main.storyboard */ = {
			isa = PBXVariantGroup;
			children = (
				785C652024AA1FF200763C46 /* Base */,
			);
			name = Main.storyboard;
			sourceTree = "<group>";
		};
		785C652424AA1FF600763C46 /* LaunchScreen.storyboard */ = {
			isa = PBXVariantGroup;
			children = (
				785C652524AA1FF600763C46 /* Base */,
			);
			name = LaunchScreen.storyboard;
			sourceTree = "<group>";
		};
/* End PBXVariantGroup section */

/* Begin XCBuildConfiguration section */
		785C654024AA1FF600763C46 /* Debug */ = {
			isa = XCBuildConfiguration;
			buildSettings = {
				ALWAYS_SEARCH_USER_PATHS = NO;
				CLANG_ANALYZER_NONNULL = YES;
				CLANG_ANALYZER_NUMBER_OBJECT_CONVERSION = YES_AGGRESSIVE;
				CLANG_CXX_LANGUAGE_STANDARD = "gnu++14";
				CLANG_CXX_LIBRARY = "libc++";
				CLANG_ENABLE_MODULES = YES;
				CLANG_ENABLE_OBJC_ARC = YES;
				CLANG_ENABLE_OBJC_WEAK = YES;
				CLANG_WARN_BLOCK_CAPTURE_AUTORELEASING = YES;
				CLANG_WARN_BOOL_CONVERSION = YES;
				CLANG_WARN_COMMA = YES;
				CLANG_WARN_CONSTANT_CONVERSION = YES;
				CLANG_WARN_DEPRECATED_OBJC_IMPLEMENTATIONS = YES;
				CLANG_WARN_DIRECT_OBJC_ISA_USAGE = YES_ERROR;
				CLANG_WARN_DOCUMENTATION_COMMENTS = YES;
				CLANG_WARN_EMPTY_BODY = YES;
				CLANG_WARN_ENUM_CONVERSION = YES;
				CLANG_WARN_INFINITE_RECURSION = YES;
				CLANG_WARN_INT_CONVERSION = YES;
				CLANG_WARN_NON_LITERAL_NULL_CONVERSION = YES;
				CLANG_WARN_OBJC_IMPLICIT_RETAIN_SELF = YES;
				CLANG_WARN_OBJC_LITERAL_CONVERSION = YES;
				CLANG_WARN_OBJC_ROOT_CLASS = YES_ERROR;
				CLANG_WARN_RANGE_LOOP_ANALYSIS = YES;
				CLANG_WARN_STRICT_PROTOTYPES = YES;
				CLANG_WARN_SUSPICIOUS_MOVE = YES;
				CLANG_WARN_UNGUARDED_AVAILABILITY = YES_AGGRESSIVE;
				CLANG_WARN_UNREACHABLE_CODE = YES;
				CLANG_WARN__DUPLICATE_METHOD_MATCH = YES;
				COPY_PHASE_STRIP = NO;
				DEBUG_INFORMATION_FORMAT = dwarf;
				ENABLE_STRICT_OBJC_MSGSEND = YES;
				ENABLE_TESTABILITY = YES;
				GCC_C_LANGUAGE_STANDARD = gnu11;
				GCC_DYNAMIC_NO_PIC = NO;
				GCC_NO_COMMON_BLOCKS = YES;
				GCC_OPTIMIZATION_LEVEL = 0;
				GCC_PRECOMPILE_PREFIX_HEADER = YES;
				GCC_PREFIX_HEADER = "$(SRCROOT)/KKTest/Common/Config/KKTest.pch";
				GCC_PREPROCESSOR_DEFINITIONS = (
					"DEBUG=1",
					"$(inherited)",
				);
				GCC_WARN_64_TO_32_BIT_CONVERSION = YES;
				GCC_WARN_ABOUT_RETURN_TYPE = YES_ERROR;
				GCC_WARN_UNDECLARED_SELECTOR = YES;
				GCC_WARN_UNINITIALIZED_AUTOS = YES_AGGRESSIVE;
				GCC_WARN_UNUSED_FUNCTION = YES;
				GCC_WARN_UNUSED_VARIABLE = YES;
				IPHONEOS_DEPLOYMENT_TARGET = 13.4;
				MTL_ENABLE_DEBUG_INFO = INCLUDE_SOURCE;
				MTL_FAST_MATH = YES;
				ONLY_ACTIVE_ARCH = YES;
				SDKROOT = iphoneos;
			};
			name = Debug;
		};
		785C654124AA1FF600763C46 /* Release */ = {
			isa = XCBuildConfiguration;
			buildSettings = {
				ALWAYS_SEARCH_USER_PATHS = NO;
				CLANG_ANALYZER_NONNULL = YES;
				CLANG_ANALYZER_NUMBER_OBJECT_CONVERSION = YES_AGGRESSIVE;
				CLANG_CXX_LANGUAGE_STANDARD = "gnu++14";
				CLANG_CXX_LIBRARY = "libc++";
				CLANG_ENABLE_MODULES = YES;
				CLANG_ENABLE_OBJC_ARC = YES;
				CLANG_ENABLE_OBJC_WEAK = YES;
				CLANG_WARN_BLOCK_CAPTURE_AUTORELEASING = YES;
				CLANG_WARN_BOOL_CONVERSION = YES;
				CLANG_WARN_COMMA = YES;
				CLANG_WARN_CONSTANT_CONVERSION = YES;
				CLANG_WARN_DEPRECATED_OBJC_IMPLEMENTATIONS = YES;
				CLANG_WARN_DIRECT_OBJC_ISA_USAGE = YES_ERROR;
				CLANG_WARN_DOCUMENTATION_COMMENTS = YES;
				CLANG_WARN_EMPTY_BODY = YES;
				CLANG_WARN_ENUM_CONVERSION = YES;
				CLANG_WARN_INFINITE_RECURSION = YES;
				CLANG_WARN_INT_CONVERSION = YES;
				CLANG_WARN_NON_LITERAL_NULL_CONVERSION = YES;
				CLANG_WARN_OBJC_IMPLICIT_RETAIN_SELF = YES;
				CLANG_WARN_OBJC_LITERAL_CONVERSION = YES;
				CLANG_WARN_OBJC_ROOT_CLASS = YES_ERROR;
				CLANG_WARN_RANGE_LOOP_ANALYSIS = YES;
				CLANG_WARN_STRICT_PROTOTYPES = YES;
				CLANG_WARN_SUSPICIOUS_MOVE = YES;
				CLANG_WARN_UNGUARDED_AVAILABILITY = YES_AGGRESSIVE;
				CLANG_WARN_UNREACHABLE_CODE = YES;
				CLANG_WARN__DUPLICATE_METHOD_MATCH = YES;
				COPY_PHASE_STRIP = NO;
				DEBUG_INFORMATION_FORMAT = "dwarf-with-dsym";
				ENABLE_NS_ASSERTIONS = NO;
				ENABLE_STRICT_OBJC_MSGSEND = YES;
				GCC_C_LANGUAGE_STANDARD = gnu11;
				GCC_NO_COMMON_BLOCKS = YES;
				GCC_PRECOMPILE_PREFIX_HEADER = YES;
				GCC_PREFIX_HEADER = "$(SRCROOT)/KKTest/Common/Config/KKTest.pch";
				GCC_WARN_64_TO_32_BIT_CONVERSION = YES;
				GCC_WARN_ABOUT_RETURN_TYPE = YES_ERROR;
				GCC_WARN_UNDECLARED_SELECTOR = YES;
				GCC_WARN_UNINITIALIZED_AUTOS = YES_AGGRESSIVE;
				GCC_WARN_UNUSED_FUNCTION = YES;
				GCC_WARN_UNUSED_VARIABLE = YES;
				IPHONEOS_DEPLOYMENT_TARGET = 13.4;
				MTL_ENABLE_DEBUG_INFO = NO;
				MTL_FAST_MATH = YES;
				SDKROOT = iphoneos;
				VALIDATE_PRODUCT = YES;
			};
			name = Release;
		};
		785C654324AA1FF600763C46 /* Debug */ = {
			isa = XCBuildConfiguration;
			baseConfigurationReference = 73122D74582238632FE39F71 /* Pods-KKTest.debug.xcconfig */;
			buildSettings = {
				ASSETCATALOG_COMPILER_APPICON_NAME = AppIcon;
				CODE_SIGN_STYLE = Automatic;
				DEVELOPMENT_TEAM = 5652N8GDSW;
				INFOPLIST_FILE = KKTest/Info.plist;
				IPHONEOS_DEPLOYMENT_TARGET = 9.0;
				LD_RUNPATH_SEARCH_PATHS = (
					"$(inherited)",
					"@executable_path/Frameworks",
				);
				PRODUCT_BUNDLE_IDENTIFIER = com.kangkang.KKTest;
				PRODUCT_NAME = "$(TARGET_NAME)";
				TARGETED_DEVICE_FAMILY = "1,2";
			};
			name = Debug;
		};
		785C654424AA1FF600763C46 /* Release */ = {
			isa = XCBuildConfiguration;
			baseConfigurationReference = 3734608E3E7AFC8629EC07FD /* Pods-KKTest.release.xcconfig */;
			buildSettings = {
				ASSETCATALOG_COMPILER_APPICON_NAME = AppIcon;
				CODE_SIGN_STYLE = Automatic;
				DEVELOPMENT_TEAM = 5652N8GDSW;
				INFOPLIST_FILE = KKTest/Info.plist;
				IPHONEOS_DEPLOYMENT_TARGET = 9.0;
				LD_RUNPATH_SEARCH_PATHS = (
					"$(inherited)",
					"@executable_path/Frameworks",
				);
				PRODUCT_BUNDLE_IDENTIFIER = com.kangkang.KKTest;
				PRODUCT_NAME = "$(TARGET_NAME)";
				TARGETED_DEVICE_FAMILY = "1,2";
			};
			name = Release;
		};
		785C654624AA1FF600763C46 /* Debug */ = {
			isa = XCBuildConfiguration;
			buildSettings = {
				BUNDLE_LOADER = "$(TEST_HOST)";
				CODE_SIGN_STYLE = Automatic;
				DEVELOPMENT_TEAM = A5ATE7EV45;
				INFOPLIST_FILE = KKTestTests/Info.plist;
				IPHONEOS_DEPLOYMENT_TARGET = 13.4;
				LD_RUNPATH_SEARCH_PATHS = (
					"$(inherited)",
					"@executable_path/Frameworks",
					"@loader_path/Frameworks",
				);
				PRODUCT_BUNDLE_IDENTIFIER = com.kangkang.KKTestTests;
				PRODUCT_NAME = "$(TARGET_NAME)";
				TARGETED_DEVICE_FAMILY = "1,2";
				TEST_HOST = "$(BUILT_PRODUCTS_DIR)/KKTest.app/KKTest";
			};
			name = Debug;
		};
		785C654724AA1FF600763C46 /* Release */ = {
			isa = XCBuildConfiguration;
			buildSettings = {
				BUNDLE_LOADER = "$(TEST_HOST)";
				CODE_SIGN_STYLE = Automatic;
				DEVELOPMENT_TEAM = A5ATE7EV45;
				INFOPLIST_FILE = KKTestTests/Info.plist;
				IPHONEOS_DEPLOYMENT_TARGET = 13.4;
				LD_RUNPATH_SEARCH_PATHS = (
					"$(inherited)",
					"@executable_path/Frameworks",
					"@loader_path/Frameworks",
				);
				PRODUCT_BUNDLE_IDENTIFIER = com.kangkang.KKTestTests;
				PRODUCT_NAME = "$(TARGET_NAME)";
				TARGETED_DEVICE_FAMILY = "1,2";
				TEST_HOST = "$(BUILT_PRODUCTS_DIR)/KKTest.app/KKTest";
			};
			name = Release;
		};
		785C654924AA1FF600763C46 /* Debug */ = {
			isa = XCBuildConfiguration;
			buildSettings = {
				CODE_SIGN_STYLE = Automatic;
				DEVELOPMENT_TEAM = A5ATE7EV45;
				INFOPLIST_FILE = KKTestUITests/Info.plist;
				LD_RUNPATH_SEARCH_PATHS = (
					"$(inherited)",
					"@executable_path/Frameworks",
					"@loader_path/Frameworks",
				);
				PRODUCT_BUNDLE_IDENTIFIER = com.kangkang.KKTestUITests;
				PRODUCT_NAME = "$(TARGET_NAME)";
				TARGETED_DEVICE_FAMILY = "1,2";
				TEST_TARGET_NAME = KKTest;
			};
			name = Debug;
		};
		785C654A24AA1FF600763C46 /* Release */ = {
			isa = XCBuildConfiguration;
			buildSettings = {
				CODE_SIGN_STYLE = Automatic;
				DEVELOPMENT_TEAM = A5ATE7EV45;
				INFOPLIST_FILE = KKTestUITests/Info.plist;
				LD_RUNPATH_SEARCH_PATHS = (
					"$(inherited)",
					"@executable_path/Frameworks",
					"@loader_path/Frameworks",
				);
				PRODUCT_BUNDLE_IDENTIFIER = com.kangkang.KKTestUITests;
				PRODUCT_NAME = "$(TARGET_NAME)";
				TARGETED_DEVICE_FAMILY = "1,2";
				TEST_TARGET_NAME = KKTest;
			};
			name = Release;
		};
/* End XCBuildConfiguration section */

/* Begin XCConfigurationList section */
		785C650E24AA1FF200763C46 /* Build configuration list for PBXProject "KKTest" */ = {
			isa = XCConfigurationList;
			buildConfigurations = (
				785C654024AA1FF600763C46 /* Debug */,
				785C654124AA1FF600763C46 /* Release */,
			);
			defaultConfigurationIsVisible = 0;
			defaultConfigurationName = Release;
		};
		785C654224AA1FF600763C46 /* Build configuration list for PBXNativeTarget "KKTest" */ = {
			isa = XCConfigurationList;
			buildConfigurations = (
				785C654324AA1FF600763C46 /* Debug */,
				785C654424AA1FF600763C46 /* Release */,
			);
			defaultConfigurationIsVisible = 0;
			defaultConfigurationName = Release;
		};
		785C654524AA1FF600763C46 /* Build configuration list for PBXNativeTarget "KKTestTests" */ = {
			isa = XCConfigurationList;
			buildConfigurations = (
				785C654624AA1FF600763C46 /* Debug */,
				785C654724AA1FF600763C46 /* Release */,
			);
			defaultConfigurationIsVisible = 0;
			defaultConfigurationName = Release;
		};
		785C654824AA1FF600763C46 /* Build configuration list for PBXNativeTarget "KKTestUITests" */ = {
			isa = XCConfigurationList;
			buildConfigurations = (
				785C654924AA1FF600763C46 /* Debug */,
				785C654A24AA1FF600763C46 /* Release */,
			);
			defaultConfigurationIsVisible = 0;
			defaultConfigurationName = Release;
		};
/* End XCConfigurationList section */
	};
	rootObject = 785C650B24AA1FF200763C46 /* Project object */;
}
